
Microsoft Visual Studio Solution File, Format Version 12.00
# Visual Studio 15
VisualStudioVersion = 15.0.27428.2015
MinimumVisualStudioVersion = 10.0.40219.1
Project("{8BC9CEB8-8B4A-11D0-8D11-00A0C91BC942}") = "Assignment1", "Assignment1\Assignment1.vcxproj", "{E0A2887D-23F3-4BC3-B3C8-5E0F56D4C5D8}"
EndProject
Global
	GlobalSection(SolutionConfigurationPlatforms) = preSolution
		Debug|x64 = Debug|x64
		Debug|x86 = Debug|x86
		Release|x64 = Release|x64
		Release|x86 = Release|x86
	EndGlobalSection
	GlobalSection(ProjectConfigurationPlatforms) = postSolution
		{E0A2887D-23F3-4BC3-B3C8-5E0F56D4C5D8}.Debug|x64.ActiveCfg = Debug|x64
		{E0A2887D-23F3-4BC3-B3C8-5E0F56D4C5D8}.Debug|x64.Build.0 = Debug|x64
		{E0A2887D-23F3-4BC3-B3C8-5E0F56D4C5D8}.Debug|x86.ActiveCfg = Debug|Win32
		{E0A2887D-23F3-4BC3-B3C8-5E0F56D4C5D8}.Debug|x86.Build.0 = Debug|Win32
		{E0A2887D-23F3-4BC3-B3C8-5E0F56D4C5D8}.Release|x64.ActiveCfg = Release|x64
		{E0A2887D-23F3-4BC3-B3C8-5E0F56D4C5D8}.Release|x64.Build.0 = Release|x64
		{E0A2887D-23F3-4BC3-B3C8-5E0F56D4C5D8}.Release|x86.ActiveCfg = Release|Win32
		{E0A2887D-23F3-4BC3-B3C8-5E0F56D4C5D8}.Release|x86.Build.0 = Release|Win32
	EndGlobalSection
	GlobalSection(SolutionProperties) = preSolution
		HideSolutionNode = FALSE
	EndGlobalSection
	GlobalSection(ExtensibilityGlobals) = postSolution
		SolutionGuid = {5F35230A-7C70-4DDB-8F3D-847157E2490A}
	EndGlobalSection
EndGlobal
